
Microsoft Visual Studio Solution File, Format Version 12.00
# Visual Studio 2013
VisualStudioVersion = 12.0.31101.0
MinimumVisualStudioVersion = 10.0.40219.1
Project("{FAE04EC0-301F-11D3-BF4B-00C04F79EFBC}") = "BugRobot.Web", "BugRobot.Web\BugRobot.Web.csproj", "{0EBFAD31-2F3F-4117-AB17-0AA4FB97F429}"
EndProject
Project("{FAE04EC0-301F-11D3-BF4B-00C04F79EFBC}") = "BugRobot.Lib", "BugRobot.Lib\BugRobot.Lib.csproj", "{709DA58B-A7AD-4711-A6A2-4B17F3A60531}"
EndProject
Global
	GlobalSection(SolutionConfigurationPlatforms) = preSolution
		Debug|Any CPU = Debug|Any CPU
		Release|Any CPU = Release|Any CPU
	EndGlobalSection
	GlobalSection(ProjectConfigurationPlatforms) = postSolution
		{0EBFAD31-2F3F-4117-AB17-0AA4FB97F429}.Debug|Any CPU.ActiveCfg = Debug|Any CPU
		{0EBFAD31-2F3F-4117-AB17-0AA4FB97F429}.Debug|Any CPU.Build.0 = Debug|Any CPU
		{0EBFAD31-2F3F-4117-AB17-0AA4FB97F429}.Release|Any CPU.ActiveCfg = Release|Any CPU
		{0EBFAD31-2F3F-4117-AB17-0AA4FB97F429}.Release|Any CPU.Build.0 = Release|Any CPU
		{709DA58B-A7AD-4711-A6A2-4B17F3A60531}.Debug|Any CPU.ActiveCfg = Debug|Any CPU
		{709DA58B-A7AD-4711-A6A2-4B17F3A60531}.Debug|Any CPU.Build.0 = Debug|Any CPU
		{709DA58B-A7AD-4711-A6A2-4B17F3A60531}.Release|Any CPU.ActiveCfg = Release|Any CPU
		{709DA58B-A7AD-4711-A6A2-4B17F3A60531}.Release|Any CPU.Build.0 = Release|Any CPU
	EndGlobalSection
	GlobalSection(SolutionProperties) = preSolution
		HideSolutionNode = FALSE
	EndGlobalSection
EndGlobal
